
Microsoft Visual Studio Solution File, Format Version 12.00
# Visual Studio Version 16
VisualStudioVersion = 16.0.34301.259
MinimumVisualStudioVersion = 10.0.40219.1
Project("{FAE04EC0-301F-11D3-BF4B-00C04F79EFBC}") = "Practice code", "Practice code\Practice code.csproj", "{165A8826-F606-43D7-AC1E-10E5CB718C4C}"
EndProject
Global
	GlobalSection(SolutionConfigurationPlatforms) = preSolution
		Debug|Any CPU = Debug|Any CPU
		Release|Any CPU = Release|Any CPU
	EndGlobalSection
	GlobalSection(ProjectConfigurationPlatforms) = postSolution
		{165A8826-F606-43D7-AC1E-10E5CB718C4C}.Debug|Any CPU.ActiveCfg = Debug|Any CPU
		{165A8826-F606-43D7-AC1E-10E5CB718C4C}.Debug|Any CPU.Build.0 = Debug|Any CPU
		{165A8826-F606-43D7-AC1E-10E5CB718C4C}.Release|Any CPU.ActiveCfg = Release|Any CPU
		{165A8826-F606-43D7-AC1E-10E5CB718C4C}.Release|Any CPU.Build.0 = Release|Any CPU
	EndGlobalSection
	GlobalSection(SolutionProperties) = preSolution
		HideSolutionNode = FALSE
	EndGlobalSection
	GlobalSection(ExtensibilityGlobals) = postSolution
		SolutionGuid = {B91CD8F2-C260-4F1E-8D83-9B941467C001}
	EndGlobalSection
EndGlobal
